# Pinned external ANE compiler (plan sections 7-9, gate 46).
# The compiler stays a separate repository; this pin is the only source
# mlx-omarchy builds from. Release tooling never builds from a moving branch.
# The archive is the immutable release asset for the tagged commit: GitHub's
# codeload archive generation for this fork was unavailable at pin time.
ANE_COMPILER_REPOSITORY=https://github.com/joshuaswarren/mil-hwx-compiler
ANE_COMPILER_COMMIT=a0ce354cf800011a84420da4e12013eb8140b2a5
ANE_COMPILER_ARCHIVE_URL=https://github.com/joshuaswarren/mil-hwx-compiler/releases/download/ane-parity-a0ce354/mil-hwx-compiler-a0ce354.tar.gz
ANE_COMPILER_ARCHIVE_SHA256=12bfbcd0049849dba18ee5fd3556762bf3313459c8ca5a65ae962f507a5b6d64
ANE_COMPILER_PACKAGE_SCHEMA=mil-hwxc.h13-anec-package.v1
ANE_COMPILER_QUALIFIED_TARGET=H13
